PODS:
  - Alamofire (4.7.0)
  - QuickSms (0.1.0):
    - Alamofire (~> 4.7)

DEPENDENCIES:
  - QuickSms (from `../`)

EXTERNAL SOURCES:
  QuickSms:
    :path: ../

SPEC CHECKSUMS:
  Alamofire: 907e0a98eb68cdb7f9d1f541a563d6ac5dc77b25
  QuickSms: ed2c3e5e5814b11c4bb25c8904fdd4885485910c

PODFILE CHECKSUM: c58aa397a795cc50d5a12091b2940bbc76d63609

COCOAPODS: 1.4.0
